
Microsoft Visual Studio Solution File, Format Version 12.00
Project("{FAE04EC0-301F-11D3-BF4B-00C04F79EFBC}") = "CCOCBackend.API", "CCOCBackend.API\CCOCBackend.API.csproj", "{7CF3B98B-AAB2-460B-87A0-9F5FCFB4A2AC}"
EndProject
Project("{2150E333-8FDC-42A3-9474-1A3956D46DE8}") = "MCMS", "MCMS", "{D0996792-D1A6-4664-90C1-4EB9929984B3}"
EndProject
Project("{FAE04EC0-301F-11D3-BF4B-00C04F79EFBC}") = "MCMS", "MCMS\MCMS\MCMS.csproj", "{12032529-F33D-4D6C-8602-27543B551A09}"
EndProject
Project("{FAE04EC0-301F-11D3-BF4B-00C04F79EFBC}") = "MCMS.Auth", "MCMS\MCMS.Auth\MCMS.Auth.csproj", "{1C9929E3-DDAA-4BFB-AF69-1B4868D00DC8}"
EndProject
Project("{FAE04EC0-301F-11D3-BF4B-00C04F79EFBC}") = "MCMS.Base", "MCMS\MCMS.Base\MCMS.Base.csproj", "{1CB8D837-EBBB-464C-8F89-A76ABF6BCC2D}"
EndProject
Project("{FAE04EC0-301F-11D3-BF4B-00C04F79EFBC}") = "MCMS.Common", "MCMS\MCMS.Common\MCMS.Common.csproj", "{3ACCF0FB-D791-4B93-9A05-E2A8A91A70C1}"
EndProject
Project("{FAE04EC0-301F-11D3-BF4B-00C04F79EFBC}") = "MCMS.Emailing", "MCMS\MCMS.Emailing\MCMS.Emailing.csproj", "{E2297EBC-EA08-48ED-8F1E-B745CAC61CE8}"
EndProject
Project("{FAE04EC0-301F-11D3-BF4B-00C04F79EFBC}") = "MCMS.Files", "MCMS\MCMS.Files\MCMS.Files.csproj", "{85E4122F-268B-4AF9-8B34-E8E87132207A}"
EndProject
Project("{FAE04EC0-301F-11D3-BF4B-00C04F79EFBC}") = "MCMS.Logging", "MCMS\MCMS.Logging\MCMS.Logging.csproj", "{1403D154-DA16-408E-A3B2-F1D5ACFC5C61}"
EndProject
Global
	GlobalSection(SolutionConfigurationPlatforms) = preSolution
		Debug|Any CPU = Debug|Any CPU
		Release|Any CPU = Release|Any CPU
	EndGlobalSection
	GlobalSection(ProjectConfigurationPlatforms) = postSolution
		{7CF3B98B-AAB2-460B-87A0-9F5FCFB4A2AC}.Debug|Any CPU.ActiveCfg = Debug|Any CPU
		{7CF3B98B-AAB2-460B-87A0-9F5FCFB4A2AC}.Debug|Any CPU.Build.0 = Debug|Any CPU
		{7CF3B98B-AAB2-460B-87A0-9F5FCFB4A2AC}.Release|Any CPU.ActiveCfg = Release|Any CPU
		{7CF3B98B-AAB2-460B-87A0-9F5FCFB4A2AC}.Release|Any CPU.Build.0 = Release|Any CPU
		{12032529-F33D-4D6C-8602-27543B551A09}.Debug|Any CPU.ActiveCfg = Debug|Any CPU
		{12032529-F33D-4D6C-8602-27543B551A09}.Debug|Any CPU.Build.0 = Debug|Any CPU
		{12032529-F33D-4D6C-8602-27543B551A09}.Release|Any CPU.ActiveCfg = Release|Any CPU
		{12032529-F33D-4D6C-8602-27543B551A09}.Release|Any CPU.Build.0 = Release|Any CPU
		{1C9929E3-DDAA-4BFB-AF69-1B4868D00DC8}.Debug|Any CPU.ActiveCfg = Debug|Any CPU
		{1C9929E3-DDAA-4BFB-AF69-1B4868D00DC8}.Debug|Any CPU.Build.0 = Debug|Any CPU
		{1C9929E3-DDAA-4BFB-AF69-1B4868D00DC8}.Release|Any CPU.ActiveCfg = Release|Any CPU
		{1C9929E3-DDAA-4BFB-AF69-1B4868D00DC8}.Release|Any CPU.Build.0 = Release|Any CPU
		{1CB8D837-EBBB-464C-8F89-A76ABF6BCC2D}.Debug|Any CPU.ActiveCfg = Debug|Any CPU
		{1CB8D837-EBBB-464C-8F89-A76ABF6BCC2D}.Debug|Any CPU.Build.0 = Debug|Any CPU
		{1CB8D837-EBBB-464C-8F89-A76ABF6BCC2D}.Release|Any CPU.ActiveCfg = Release|Any CPU
		{1CB8D837-EBBB-464C-8F89-A76ABF6BCC2D}.Release|Any CPU.Build.0 = Release|Any CPU
		{3ACCF0FB-D791-4B93-9A05-E2A8A91A70C1}.Debug|Any CPU.ActiveCfg = Debug|Any CPU
		{3ACCF0FB-D791-4B93-9A05-E2A8A91A70C1}.Debug|Any CPU.Build.0 = Debug|Any CPU
		{3ACCF0FB-D791-4B93-9A05-E2A8A91A70C1}.Release|Any CPU.ActiveCfg = Release|Any CPU
		{3ACCF0FB-D791-4B93-9A05-E2A8A91A70C1}.Release|Any CPU.Build.0 = Release|Any CPU
		{E2297EBC-EA08-48ED-8F1E-B745CAC61CE8}.Debug|Any CPU.ActiveCfg = Debug|Any CPU
		{E2297EBC-EA08-48ED-8F1E-B745CAC61CE8}.Debug|Any CPU.Build.0 = Debug|Any CPU
		{E2297EBC-EA08-48ED-8F1E-B745CAC61CE8}.Release|Any CPU.ActiveCfg = Release|Any CPU
		{E2297EBC-EA08-48ED-8F1E-B745CAC61CE8}.Release|Any CPU.Build.0 = Release|Any CPU
		{85E4122F-268B-4AF9-8B34-E8E87132207A}.Debug|Any CPU.ActiveCfg = Debug|Any CPU
		{85E4122F-268B-4AF9-8B34-E8E87132207A}.Debug|Any CPU.Build.0 = Debug|Any CPU
		{85E4122F-268B-4AF9-8B34-E8E87132207A}.Release|Any CPU.ActiveCfg = Release|Any CPU
		{85E4122F-268B-4AF9-8B34-E8E87132207A}.Release|Any CPU.Build.0 = Release|Any CPU
		{1403D154-DA16-408E-A3B2-F1D5ACFC5C61}.Debug|Any CPU.ActiveCfg = Debug|Any CPU
		{1403D154-DA16-408E-A3B2-F1D5ACFC5C61}.Debug|Any CPU.Build.0 = Debug|Any CPU
		{1403D154-DA16-408E-A3B2-F1D5ACFC5C61}.Release|Any CPU.ActiveCfg = Release|Any CPU
		{1403D154-DA16-408E-A3B2-F1D5ACFC5C61}.Release|Any CPU.Build.0 = Release|Any CPU
	EndGlobalSection
	GlobalSection(NestedProjects) = preSolution
		{12032529-F33D-4D6C-8602-27543B551A09} = {D0996792-D1A6-4664-90C1-4EB9929984B3}
		{1C9929E3-DDAA-4BFB-AF69-1B4868D00DC8} = {D0996792-D1A6-4664-90C1-4EB9929984B3}
		{1CB8D837-EBBB-464C-8F89-A76ABF6BCC2D} = {D0996792-D1A6-4664-90C1-4EB9929984B3}
		{3ACCF0FB-D791-4B93-9A05-E2A8A91A70C1} = {D0996792-D1A6-4664-90C1-4EB9929984B3}
		{E2297EBC-EA08-48ED-8F1E-B745CAC61CE8} = {D0996792-D1A6-4664-90C1-4EB9929984B3}
		{85E4122F-268B-4AF9-8B34-E8E87132207A} = {D0996792-D1A6-4664-90C1-4EB9929984B3}
		{1403D154-DA16-408E-A3B2-F1D5ACFC5C61} = {D0996792-D1A6-4664-90C1-4EB9929984B3}
	EndGlobalSection
EndGlobal
